Microsoft Visual Studio Solution File, Format Version 12.00
# Visual Studio 15
Project("{2150E333-8FDC-42A3-9474-1A3956D46DE8}") = "CMakePredefinedTargets", "CMakePredefinedTargets", "{2E8B2D68-E7A4-3D81-802C-4B78B8619388}"
EndProject
Project("{2150E333-8FDC-42A3-9474-1A3956D46DE8}") = "GLFW3", "GLFW3", "{FF50DA33-E8B2-3EAF-B4CA-41BCA2BCE937}"
EndProject
Project("{8BC9CEB8-8B4A-11D0-8D11-00A0C91BC942}") = "ALL_BUILD", "ALL_BUILD.vcxproj", "{C6EA2402-4F5E-3C5E-A9EF-95A978E20573}"
	ProjectSection(ProjectDependencies) = postProject
		{ED256189-264B-3CDE-B7C1-0E295F1A763B} = {ED256189-264B-3CDE-B7C1-0E295F1A763B}
		{5997AE15-8328-3B42-B58B-45A739284500} = {5997AE15-8328-3B42-B58B-45A739284500}
	EndProjectSection
EndProject
Project("{8BC9CEB8-8B4A-11D0-8D11-00A0C91BC942}") = "INSTALL", "INSTALL.vcxproj", "{7CC8628B-2F0A-3938-AFF1-822C48E0EE8D}"
	ProjectSection(ProjectDependencies) = postProject
		{C6EA2402-4F5E-3C5E-A9EF-95A978E20573} = {C6EA2402-4F5E-3C5E-A9EF-95A978E20573}
		{ED256189-264B-3CDE-B7C1-0E295F1A763B} = {ED256189-264B-3CDE-B7C1-0E295F1A763B}
	EndProjectSection
EndProject
Project("{8BC9CEB8-8B4A-11D0-8D11-00A0C91BC942}") = "ZERO_CHECK", "ZERO_CHECK.vcxproj", "{ED256189-264B-3CDE-B7C1-0E295F1A763B}"
	ProjectSection(ProjectDependencies) = postProject
	EndProjectSection
EndProject
Project("{8BC9CEB8-8B4A-11D0-8D11-00A0C91BC942}") = "glfw", "src\glfw.vcxproj", "{5997AE15-8328-3B42-B58B-45A739284500}"
	ProjectSection(ProjectDependencies) = postProject
		{ED256189-264B-3CDE-B7C1-0E295F1A763B} = {ED256189-264B-3CDE-B7C1-0E295F1A763B}
	EndProjectSection
EndProject
Project("{8BC9CEB8-8B4A-11D0-8D11-00A0C91BC942}") = "uninstall", "uninstall.vcxproj", "{387C640A-E794-3399-A270-BDF1D9A29558}"
	ProjectSection(ProjectDependencies) = postProject
		{ED256189-264B-3CDE-B7C1-0E295F1A763B} = {ED256189-264B-3CDE-B7C1-0E295F1A763B}
	EndProjectSection
EndProject
Global
	GlobalSection(SolutionConfigurationPlatforms) = preSolution
		Debug|x64 = Debug|x64
		Release|x64 = Release|x64
		MinSizeRel|x64 = MinSizeRel|x64
		RelWithDebInfo|x64 = RelWithDebInfo|x64
	EndGlobalSection
	GlobalSection(ProjectConfigurationPlatforms) = postSolution
		{C6EA2402-4F5E-3C5E-A9EF-95A978E20573}.Debug|x64.ActiveCfg = Debug|x64
		{C6EA2402-4F5E-3C5E-A9EF-95A978E20573}.Debug|x64.Build.0 = Debug|x64
		{C6EA2402-4F5E-3C5E-A9EF-95A978E20573}.Release|x64.ActiveCfg = Release|x64
		{C6EA2402-4F5E-3C5E-A9EF-95A978E20573}.Release|x64.Build.0 = Release|x64
		{C6EA2402-4F5E-3C5E-A9EF-95A978E20573}.MinSizeRel|x64.ActiveCfg = MinSizeRel|x64
		{C6EA2402-4F5E-3C5E-A9EF-95A978E20573}.MinSizeRel|x64.Build.0 = MinSizeRel|x64
		{C6EA2402-4F5E-3C5E-A9EF-95A978E20573}.RelWithDebInfo|x64.ActiveCfg = RelWithDebInfo|x64
		{C6EA2402-4F5E-3C5E-A9EF-95A978E20573}.RelWithDebInfo|x64.Build.0 = RelWithDebInfo|x64
		{7CC8628B-2F0A-3938-AFF1-822C48E0EE8D}.Debug|x64.ActiveCfg = Debug|x64
		{7CC8628B-2F0A-3938-AFF1-822C48E0EE8D}.Release|x64.ActiveCfg = Release|x64
		{7CC8628B-2F0A-3938-AFF1-822C48E0EE8D}.MinSizeRel|x64.ActiveCfg = MinSizeRel|x64
		{7CC8628B-2F0A-3938-AFF1-822C48E0EE8D}.RelWithDebInfo|x64.ActiveCfg = RelWithDebInfo|x64
		{ED256189-264B-3CDE-B7C1-0E295F1A763B}.Debug|x64.ActiveCfg = Debug|x64
		{ED256189-264B-3CDE-B7C1-0E295F1A763B}.Debug|x64.Build.0 = Debug|x64
		{ED256189-264B-3CDE-B7C1-0E295F1A763B}.Release|x64.ActiveCfg = Release|x64
		{ED256189-264B-3CDE-B7C1-0E295F1A763B}.Release|x64.Build.0 = Release|x64
		{ED256189-264B-3CDE-B7C1-0E295F1A763B}.MinSizeRel|x64.ActiveCfg = MinSizeRel|x64
		{ED256189-264B-3CDE-B7C1-0E295F1A763B}.MinSizeRel|x64.Build.0 = MinSizeRel|x64
		{ED256189-264B-3CDE-B7C1-0E295F1A763B}.RelWithDebInfo|x64.ActiveCfg = RelWithDebInfo|x64
		{ED256189-264B-3CDE-B7C1-0E295F1A763B}.RelWithDebInfo|x64.Build.0 = RelWithDebInfo|x64
		{5997AE15-8328-3B42-B58B-45A739284500}.Debug|x64.ActiveCfg = Debug|x64
		{5997AE15-8328-3B42-B58B-45A739284500}.Debug|x64.Build.0 = Debug|x64
		{5997AE15-8328-3B42-B58B-45A739284500}.Release|x64.ActiveCfg = Release|x64
		{5997AE15-8328-3B42-B58B-45A739284500}.Release|x64.Build.0 = Release|x64
		{5997AE15-8328-3B42-B58B-45A739284500}.MinSizeRel|x64.ActiveCfg = MinSizeRel|x64
		{5997AE15-8328-3B42-B58B-45A739284500}.MinSizeRel|x64.Build.0 = MinSizeRel|x64
		{5997AE15-8328-3B42-B58B-45A739284500}.RelWithDebInfo|x64.ActiveCfg = RelWithDebInfo|x64
		{5997AE15-8328-3B42-B58B-45A739284500}.RelWithDebInfo|x64.Build.0 = RelWithDebInfo|x64
		{387C640A-E794-3399-A270-BDF1D9A29558}.Debug|x64.ActiveCfg = Debug|x64
		{387C640A-E794-3399-A270-BDF1D9A29558}.Release|x64.ActiveCfg = Release|x64
		{387C640A-E794-3399-A270-BDF1D9A29558}.MinSizeRel|x64.ActiveCfg = MinSizeRel|x64
		{387C640A-E794-3399-A270-BDF1D9A29558}.RelWithDebInfo|x64.ActiveCfg = RelWithDebInfo|x64
	EndGlobalSection
	GlobalSection(NestedProjects) = preSolution
		{C6EA2402-4F5E-3C5E-A9EF-95A978E20573} = {2E8B2D68-E7A4-3D81-802C-4B78B8619388}
		{7CC8628B-2F0A-3938-AFF1-822C48E0EE8D} = {2E8B2D68-E7A4-3D81-802C-4B78B8619388}
		{ED256189-264B-3CDE-B7C1-0E295F1A763B} = {2E8B2D68-E7A4-3D81-802C-4B78B8619388}
		{5997AE15-8328-3B42-B58B-45A739284500} = {FF50DA33-E8B2-3EAF-B4CA-41BCA2BCE937}
		{387C640A-E794-3399-A270-BDF1D9A29558} = {FF50DA33-E8B2-3EAF-B4CA-41BCA2BCE937}
	EndGlobalSection
	GlobalSection(ExtensibilityGlobals) = postSolution
		SolutionGuid = {F5B76AAC-B1AC-3446-851B-62B56018423C}
	EndGlobalSection
	GlobalSection(ExtensibilityAddIns) = postSolution
	EndGlobalSection
EndGlobal
